
Microsoft Visual Studio Solution File, Format Version 12.00
# Visual Studio Version 17
VisualStudioVersion = 17.2.32526.322
MinimumVisualStudioVersion = 10.0.40219.1
Project("{FAE04EC0-301F-11D3-BF4B-00C04F79EFBC}") = "artistasProyect.UWP", "artistasProyect\artistasProyect.UWP\artistasProyect.UWP.csproj", "{CCCF0855-1BD0-4EFD-B3CB-144B6672DAD0}"
EndProject
Project("{FAE04EC0-301F-11D3-BF4B-00C04F79EFBC}") = "artistasProyect.Android", "artistasProyect\artistasProyect.Android\artistasProyect.Android.csproj", "{494DF064-CFE0-4E8D-8E01-890ED0130261}"
EndProject
Project("{FAE04EC0-301F-11D3-BF4B-00C04F79EFBC}") = "artistasProyect.iOS", "artistasProyect\artistasProyect.iOS\artistasProyect.iOS.csproj", "{733C0107-C38F-477B-859F-6AC337A1961D}"
EndProject
Project("{FAE04EC0-301F-11D3-BF4B-00C04F79EFBC}") = "artistasProyect", "artistasProyect\artistasProyect\artistasProyect.csproj", "{AC7EE808-87A9-444E-AE48-165AE4FD4428}"
EndProject
Global
	GlobalSection(SolutionConfigurationPlatforms) = preSolution
		Debug|Any CPU = Debug|Any CPU
		Debug|ARM = Debug|ARM
		Debug|iPhone = Debug|iPhone
		Debug|iPhoneSimulator = Debug|iPhoneSimulator
		Debug|x64 = Debug|x64
		Debug|x86 = Debug|x86
		Release|Any CPU = Release|Any CPU
		Release|ARM = Release|ARM
		Release|iPhone = Release|iPhone
		Release|iPhoneSimulator = Release|iPhoneSimulator
		Release|x64 = Release|x64
		Release|x86 = Release|x86
	EndGlobalSection
	GlobalSection(ProjectConfigurationPlatforms) = postSolution
		{CCCF0855-1BD0-4EFD-B3CB-144B6672DAD0}.Debug|Any CPU.ActiveCfg = Debug|x64
		{CCCF0855-1BD0-4EFD-B3CB-144B6672DAD0}.Debug|Any CPU.Build.0 = Debug|x64
		{CCCF0855-1BD0-4EFD-B3CB-144B6672DAD0}.Debug|Any CPU.Deploy.0 = Debug|x64
		{CCCF0855-1BD0-4EFD-B3CB-144B6672DAD0}.Debug|ARM.ActiveCfg = Debug|ARM
		{CCCF0855-1BD0-4EFD-B3CB-144B6672DAD0}.Debug|ARM.Build.0 = Debug|ARM
		{CCCF0855-1BD0-4EFD-B3CB-144B6672DAD0}.Debug|ARM.Deploy.0 = Debug|ARM
		{CCCF0855-1BD0-4EFD-B3CB-144B6672DAD0}.Debug|iPhone.ActiveCfg = Debug|x64
		{CCCF0855-1BD0-4EFD-B3CB-144B6672DAD0}.Debug|iPhone.Build.0 = Debug|x64
		{CCCF0855-1BD0-4EFD-B3CB-144B6672DAD0}.Debug|iPhone.Deploy.0 = Debug|x64
		{CCCF0855-1BD0-4EFD-B3CB-144B6672DAD0}.Debug|iPhoneSimulator.ActiveCfg = Debug|x64
		{CCCF0855-1BD0-4EFD-B3CB-144B6672DAD0}.Debug|iPhoneSimulator.Build.0 = Debug|x64
		{CCCF0855-1BD0-4EFD-B3CB-144B6672DAD0}.Debug|iPhoneSimulator.Deploy.0 = Debug|x64
		{CCCF0855-1BD0-4EFD-B3CB-144B6672DAD0}.Debug|x64.ActiveCfg = Debug|x64
		{CCCF0855-1BD0-4EFD-B3CB-144B6672DAD0}.Debug|x64.Build.0 = Debug|x64
		{CCCF0855-1BD0-4EFD-B3CB-144B6672DAD0}.Debug|x64.Deploy.0 = Debug|x64
		{CCCF0855-1BD0-4EFD-B3CB-144B6672DAD0}.Debug|x86.ActiveCfg = Debug|x86
		{CCCF0855-1BD0-4EFD-B3CB-144B6672DAD0}.Debug|x86.Build.0 = Debug|x86
		{CCCF0855-1BD0-4EFD-B3CB-144B6672DAD0}.Debug|x86.Deploy.0 = Debug|x86
		{CCCF0855-1BD0-4EFD-B3CB-144B6672DAD0}.Release|Any CPU.ActiveCfg = Release|x64
		{CCCF0855-1BD0-4EFD-B3CB-144B6672DAD0}.Release|Any CPU.Build.0 = Release|x64
		{CCCF0855-1BD0-4EFD-B3CB-144B6672DAD0}.Release|Any CPU.Deploy.0 = Release|x64
		{CCCF0855-1BD0-4EFD-B3CB-144B6672DAD0}.Release|ARM.ActiveCfg = Release|ARM
		{CCCF0855-1BD0-4EFD-B3CB-144B6672DAD0}.Release|ARM.Build.0 = Release|ARM
		{CCCF0855-1BD0-4EFD-B3CB-144B6672DAD0}.Release|ARM.Deploy.0 = Release|ARM
		{CCCF0855-1BD0-4EFD-B3CB-144B6672DAD0}.Release|iPhone.ActiveCfg = Release|x64
		{CCCF0855-1BD0-4EFD-B3CB-144B6672DAD0}.Release|iPhone.Build.0 = Release|x64
		{CCCF0855-1BD0-4EFD-B3CB-144B6672DAD0}.Release|iPhone.Deploy.0 = Release|x64
		{CCCF0855-1BD0-4EFD-B3CB-144B6672DAD0}.Release|iPhoneSimulator.ActiveCfg = Release|x64
		{CCCF0855-1BD0-4EFD-B3CB-144B6672DAD0}.Release|iPhoneSimulator.Build.0 = Release|x64
		{CCCF0855-1BD0-4EFD-B3CB-144B6672DAD0}.Release|iPhoneSimulator.Deploy.0 = Release|x64
		{CCCF0855-1BD0-4EFD-B3CB-144B6672DAD0}.Release|x64.ActiveCfg = Release|x64
		{CCCF0855-1BD0-4EFD-B3CB-144B6672DAD0}.Release|x64.Build.0 = Release|x64
		{CCCF0855-1BD0-4EFD-B3CB-144B6672DAD0}.Release|x64.Deploy.0 = Release|x64
		{CCCF0855-1BD0-4EFD-B3CB-144B6672DAD0}.Release|x86.ActiveCfg = Release|x86
		{CCCF0855-1BD0-4EFD-B3CB-144B6672DAD0}.Release|x86.Build.0 = Release|x86
		{CCCF0855-1BD0-4EFD-B3CB-144B6672DAD0}.Release|x86.Deploy.0 = Release|x86
		{494DF064-CFE0-4E8D-8E01-890ED0130261}.Debug|Any CPU.ActiveCfg = Debug|Any CPU
		{494DF064-CFE0-4E8D-8E01-890ED0130261}.Debug|Any CPU.Build.0 = Debug|Any CPU
		{494DF064-CFE0-4E8D-8E01-890ED0130261}.Debug|Any CPU.Deploy.0 = Debug|Any CPU
		{494DF064-CFE0-4E8D-8E01-890ED0130261}.Debug|ARM.ActiveCfg = Debug|Any CPU
		{494DF064-CFE0-4E8D-8E01-890ED0130261}.Debug|ARM.Build.0 = Debug|Any CPU
		{494DF064-CFE0-4E8D-8E01-890ED0130261}.Debug|ARM.Deploy.0 = Debug|Any CPU
		{494DF064-CFE0-4E8D-8E01-890ED0130261}.Debug|iPhone.ActiveCfg = Debug|Any CPU
		{494DF064-CFE0-4E8D-8E01-890ED0130261}.Debug|iPhone.Build.0 = Debug|Any CPU
		{494DF064-CFE0-4E8D-8E01-890ED0130261}.Debug|iPhone.Deploy.0 = Debug|Any CPU
		{494DF064-CFE0-4E8D-8E01-890ED0130261}.Debug|iPhoneSimulator.ActiveCfg = Debug|Any CPU
		{494DF064-CFE0-4E8D-8E01-890ED0130261}.Debug|iPhoneSimulator.Build.0 = Debug|Any CPU
		{494DF064-CFE0-4E8D-8E01-890ED0130261}.Debug|iPhoneSimulator.Deploy.0 = Debug|Any CPU
		{494DF064-CFE0-4E8D-8E01-890ED0130261}.Debug|x64.ActiveCfg = Debug|Any CPU
		{494DF064-CFE0-4E8D-8E01-890ED0130261}.Debug|x64.Build.0 = Debug|Any CPU
		{494DF064-CFE0-4E8D-8E01-890ED0130261}.Debug|x64.Deploy.0 = Debug|Any CPU
		{494DF064-CFE0-4E8D-8E01-890ED0130261}.Debug|x86.ActiveCfg = Debug|Any CPU
		{494DF064-CFE0-4E8D-8E01-890ED0130261}.Debug|x86.Build.0 = Debug|Any CPU
		{494DF064-CFE0-4E8D-8E01-890ED0130261}.Debug|x86.Deploy.0 = Debug|Any CPU
		{494DF064-CFE0-4E8D-8E01-890ED0130261}.Release|Any CPU.ActiveCfg = Release|Any CPU
		{494DF064-CFE0-4E8D-8E01-890ED0130261}.Release|Any CPU.Build.0 = Release|Any CPU
		{494DF064-CFE0-4E8D-8E01-890ED0130261}.Release|Any CPU.Deploy.0 = Release|Any CPU
		{494DF064-CFE0-4E8D-8E01-890ED0130261}.Release|ARM.ActiveCfg = Release|Any CPU
		{494DF064-CFE0-4E8D-8E01-890ED0130261}.Release|ARM.Build.0 = Release|Any CPU
		{494DF064-CFE0-4E8D-8E01-890ED0130261}.Release|ARM.Deploy.0 = Release|Any CPU
		{494DF064-CFE0-4E8D-8E01-890ED0130261}.Release|iPhone.ActiveCfg = Release|Any CPU
		{494DF064-CFE0-4E8D-8E01-890ED0130261}.Release|iPhone.Build.0 = Release|Any CPU
		{494DF064-CFE0-4E8D-8E01-890ED0130261}.Release|iPhone.Deploy.0 = Release|Any CPU
		{494DF064-CFE0-4E8D-8E01-890ED0130261}.Release|iPhoneSimulator.ActiveCfg = Release|Any CPU
		{494DF064-CFE0-4E8D-8E01-890ED0130261}.Release|iPhoneSimulator.Build.0 = Release|Any CPU
		{494DF064-CFE0-4E8D-8E01-890ED0130261}.Release|iPhoneSimulator.Deploy.0 = Release|Any CPU
		{494DF064-CFE0-4E8D-8E01-890ED0130261}.Release|x64.ActiveCfg = Release|Any CPU
		{494DF064-CFE0-4E8D-8E01-890ED0130261}.Release|x64.Build.0 = Release|Any CPU
		{494DF064-CFE0-4E8D-8E01-890ED0130261}.Release|x64.Deploy.0 = Release|Any CPU
		{494DF064-CFE0-4E8D-8E01-890ED0130261}.Release|x86.ActiveCfg = Release|Any CPU
		{494DF064-CFE0-4E8D-8E01-890ED0130261}.Release|x86.Build.0 = Release|Any CPU
		{494DF064-CFE0-4E8D-8E01-890ED0130261}.Release|x86.Deploy.0 = Release|Any CPU
		{733C0107-C38F-477B-859F-6AC337A1961D}.Debug|Any CPU.ActiveCfg = Debug|iPhoneSimulator
		{733C0107-C38F-477B-859F-6AC337A1961D}.Debug|Any CPU.Build.0 = Debug|iPhoneSimulator
		{733C0107-C38F-477B-859F-6AC337A1961D}.Debug|Any CPU.Deploy.0 = Debug|iPhoneSimulator
		{733C0107-C38F-477B-859F-6AC337A1961D}.Debug|ARM.ActiveCfg = Debug|iPhoneSimulator
		{733C0107-C38F-477B-859F-6AC337A1961D}.Debug|ARM.Build.0 = Debug|iPhoneSimulator
		{733C0107-C38F-477B-859F-6AC337A1961D}.Debug|ARM.Deploy.0 = Debug|iPhoneSimulator
		{733C0107-C38F-477B-859F-6AC337A1961D}.Debug|iPhone.ActiveCfg = Debug|iPhone
		{733C0107-C38F-477B-859F-6AC337A1961D}.Debug|iPhone.Build.0 = Debug|iPhone
		{733C0107-C38F-477B-859F-6AC337A1961D}.Debug|iPhone.Deploy.0 = Debug|iPhone
		{733C0107-C38F-477B-859F-6AC337A1961D}.Debug|iPhoneSimulator.ActiveCfg = Debug|iPhoneSimulator
		{733C0107-C38F-477B-859F-6AC337A1961D}.Debug|iPhoneSimulator.Build.0 = Debug|iPhoneSimulator
		{733C0107-C38F-477B-859F-6AC337A1961D}.Debug|iPhoneSimulator.Deploy.0 = Debug|iPhoneSimulator
		{733C0107-C38F-477B-859F-6AC337A1961D}.Debug|x64.ActiveCfg = Debug|iPhone
		{733C0107-C38F-477B-859F-6AC337A1961D}.Debug|x64.Build.0 = Debug|iPhone
		{733C0107-C38F-477B-859F-6AC337A1961D}.Debug|x64.Deploy.0 = Debug|iPhone
		{733C0107-C38F-477B-859F-6AC337A1961D}.Debug|x86.ActiveCfg = Debug|iPhoneSimulator
		{733C0107-C38F-477B-859F-6AC337A1961D}.Debug|x86.Build.0 = Debug|iPhoneSimulator
		{733C0107-C38F-477B-859F-6AC337A1961D}.Debug|x86.Deploy.0 = Debug|iPhoneSimulator
		{733C0107-C38F-477B-859F-6AC337A1961D}.Release|Any CPU.ActiveCfg = Release|iPhoneSimulator
		{733C0107-C38F-477B-859F-6AC337A1961D}.Release|Any CPU.Build.0 = Release|iPhoneSimulator
		{733C0107-C38F-477B-859F-6AC337A1961D}.Release|Any CPU.Deploy.0 = Release|iPhoneSimulator
		{733C0107-C38F-477B-859F-6AC337A1961D}.Release|ARM.ActiveCfg = Release|iPhoneSimulator
		{733C0107-C38F-477B-859F-6AC337A1961D}.Release|ARM.Build.0 = Release|iPhoneSimulator
		{733C0107-C38F-477B-859F-6AC337A1961D}.Release|ARM.Deploy.0 = Release|iPhoneSimulator
		{733C0107-C38F-477B-859F-6AC337A1961D}.Release|iPhone.ActiveCfg = Release|iPhone
		{733C0107-C38F-477B-859F-6AC337A1961D}.Release|iPhone.Build.0 = Release|iPhone
		{733C0107-C38F-477B-859F-6AC337A1961D}.Release|iPhone.Deploy.0 = Release|iPhone
		{733C0107-C38F-477B-859F-6AC337A1961D}.Release|iPhoneSimulator.ActiveCfg = Release|iPhoneSimulator
		{733C0107-C38F-477B-859F-6AC337A1961D}.Release|iPhoneSimulator.Build.0 = Release|iPhoneSimulator
		{733C0107-C38F-477B-859F-6AC337A1961D}.Release|iPhoneSimulator.Deploy.0 = Release|iPhoneSimulator
		{733C0107-C38F-477B-859F-6AC337A1961D}.Release|x64.ActiveCfg = Release|iPhoneSimulator
		{733C0107-C38F-477B-859F-6AC337A1961D}.Release|x64.Build.0 = Release|iPhoneSimulator
		{733C0107-C38F-477B-859F-6AC337A1961D}.Release|x64.Deploy.0 = Release|iPhoneSimulator
		{733C0107-C38F-477B-859F-6AC337A1961D}.Release|x86.ActiveCfg = Release|iPhoneSimulator
		{733C0107-C38F-477B-859F-6AC337A1961D}.Release|x86.Build.0 = Release|iPhoneSimulator
		{733C0107-C38F-477B-859F-6AC337A1961D}.Release|x86.Deploy.0 = Release|iPhoneSimulator
		{AC7EE808-87A9-444E-AE48-165AE4FD4428}.Debug|Any CPU.ActiveCfg = Debug|Any CPU
		{AC7EE808-87A9-444E-AE48-165AE4FD4428}.Debug|Any CPU.Build.0 = Debug|Any CPU
		{AC7EE808-87A9-444E-AE48-165AE4FD4428}.Debug|Any CPU.Deploy.0 = Debug|Any CPU
		{AC7EE808-87A9-444E-AE48-165AE4FD4428}.Debug|ARM.ActiveCfg = Debug|Any CPU
		{AC7EE808-87A9-444E-AE48-165AE4FD4428}.Debug|ARM.Build.0 = Debug|Any CPU
		{AC7EE808-87A9-444E-AE48-165AE4FD4428}.Debug|ARM.Deploy.0 = Debug|Any CPU
		{AC7EE808-87A9-444E-AE48-165AE4FD4428}.Debug|iPhone.ActiveCfg = Debug|Any CPU
		{AC7EE808-87A9-444E-AE48-165AE4FD4428}.Debug|iPhone.Build.0 = Debug|Any CPU
		{AC7EE808-87A9-444E-AE48-165AE4FD4428}.Debug|iPhone.Deploy.0 = Debug|Any CPU
		{AC7EE808-87A9-444E-AE48-165AE4FD4428}.Debug|iPhoneSimulator.ActiveCfg = Debug|Any CPU
		{AC7EE808-87A9-444E-AE48-165AE4FD4428}.Debug|iPhoneSimulator.Build.0 = Debug|Any CPU
		{AC7EE808-87A9-444E-AE48-165AE4FD4428}.Debug|iPhoneSimulator.Deploy.0 = Debug|Any CPU
		{AC7EE808-87A9-444E-AE48-165AE4FD4428}.Debug|x64.ActiveCfg = Debug|Any CPU
		{AC7EE808-87A9-444E-AE48-165AE4FD4428}.Debug|x64.Build.0 = Debug|Any CPU
		{AC7EE808-87A9-444E-AE48-165AE4FD4428}.Debug|x64.Deploy.0 = Debug|Any CPU
		{AC7EE808-87A9-444E-AE48-165AE4FD4428}.Debug|x86.ActiveCfg = Debug|Any CPU
		{AC7EE808-87A9-444E-AE48-165AE4FD4428}.Debug|x86.Build.0 = Debug|Any CPU
		{AC7EE808-87A9-444E-AE48-165AE4FD4428}.Debug|x86.Deploy.0 = Debug|Any CPU
		{AC7EE808-87A9-444E-AE48-165AE4FD4428}.Release|Any CPU.ActiveCfg = Release|Any CPU
		{AC7EE808-87A9-444E-AE48-165AE4FD4428}.Release|Any CPU.Build.0 = Release|Any CPU
		{AC7EE808-87A9-444E-AE48-165AE4FD4428}.Release|Any CPU.Deploy.0 = Release|Any CPU
		{AC7EE808-87A9-444E-AE48-165AE4FD4428}.Release|ARM.ActiveCfg = Release|Any CPU
		{AC7EE808-87A9-444E-AE48-165AE4FD4428}.Release|ARM.Build.0 = Release|Any CPU
		{AC7EE808-87A9-444E-AE48-165AE4FD4428}.Release|ARM.Deploy.0 = Release|Any CPU
		{AC7EE808-87A9-444E-AE48-165AE4FD4428}.Release|iPhone.ActiveCfg = Release|Any CPU
		{AC7EE808-87A9-444E-AE48-165AE4FD4428}.Release|iPhone.Build.0 = Release|Any CPU
		{AC7EE808-87A9-444E-AE48-165AE4FD4428}.Release|iPhone.Deploy.0 = Release|Any CPU
		{AC7EE808-87A9-444E-AE48-165AE4FD4428}.Release|iPhoneSimulator.ActiveCfg = Release|Any CPU
		{AC7EE808-87A9-444E-AE48-165AE4FD4428}.Release|iPhoneSimulator.Build.0 = Release|Any CPU
		{AC7EE808-87A9-444E-AE48-165AE4FD4428}.Release|iPhoneSimulator.Deploy.0 = Release|Any CPU
		{AC7EE808-87A9-444E-AE48-165AE4FD4428}.Release|x64.ActiveCfg = Release|Any CPU
		{AC7EE808-87A9-444E-AE48-165AE4FD4428}.Release|x64.Build.0 = Release|Any CPU
		{AC7EE808-87A9-444E-AE48-165AE4FD4428}.Release|x64.Deploy.0 = Release|Any CPU
		{AC7EE808-87A9-444E-AE48-165AE4FD4428}.Release|x86.ActiveCfg = Release|Any CPU
		{AC7EE808-87A9-444E-AE48-165AE4FD4428}.Release|x86.Build.0 = Release|Any CPU
		{AC7EE808-87A9-444E-AE48-165AE4FD4428}.Release|x86.Deploy.0 = Release|Any CPU
	EndGlobalSection
	GlobalSection(SolutionProperties) = preSolution
		HideSolutionNode = FALSE
	EndGlobalSection
	GlobalSection(ExtensibilityGlobals) = postSolution
		SolutionGuid = {CC5BD3D2-9196-49AD-A0C7-9BC2E327C570}
	EndGlobalSection
EndGlobal
